
Microsoft Visual Studio Solution File, Format Version 12.00
# Visual Studio Version 17
VisualStudioVersion = 17.7.34202.233
MinimumVisualStudioVersion = 10.0.40219.1
Project("{FAE04EC0-301F-11D3-BF4B-00C04F79EFBC}") = "Preventimark", "Preventimark.csproj", "{8B7F19A2-87BB-41A5-A1FD-DE071F0E8553}"
EndProject
Global
	GlobalSection(SolutionConfigurationPlatforms) = preSolution
		Debug|Any CPU = Debug|Any CPU
		Release|Any CPU = Release|Any CPU
	EndGlobalSection
	GlobalSection(ProjectConfigurationPlatforms) = postSolution
		{8B7F19A2-87BB-41A5-A1FD-DE071F0E8553}.Debug|Any CPU.ActiveCfg = Debug|Any CPU
		{8B7F19A2-87BB-41A5-A1FD-DE071F0E8553}.Debug|Any CPU.Build.0 = Debug|Any CPU
		{8B7F19A2-87BB-41A5-A1FD-DE071F0E8553}.Release|Any CPU.ActiveCfg = Release|Any CPU
		{8B7F19A2-87BB-41A5-A1FD-DE071F0E8553}.Release|Any CPU.Build.0 = Release|Any CPU
	EndGlobalSection
	GlobalSection(SolutionProperties) = preSolution
		HideSolutionNode = FALSE
	EndGlobalSection
	GlobalSection(ExtensibilityGlobals) = postSolution
		SolutionGuid = {13E492C0-5B4B-4B4D-BA2F-042B2E72FE9D}
	EndGlobalSection
EndGlobal
